
Microsoft Visual Studio Solution File, Format Version 12.00
# Visual Studio 15
VisualStudioVersion = 15.0.26124.0
MinimumVisualStudioVersion = 15.0.26124.0
Project("{2150E333-8FDC-42A3-9474-1A3956D46DE8}") = "src", "src", "{2761C6FB-2360-496B-B02F-E202A9922BD1}"
EndProject
Project("{FAE04EC0-301F-11D3-BF4B-00C04F79EFBC}") = "MyIdentityServer", "src\MyIdentityServer\MyIdentityServer.csproj", "{FC64200C-E058-433A-B9B3-B9D7D856143A}"
EndProject
Project("{FAE04EC0-301F-11D3-BF4B-00C04F79EFBC}") = "MyApiServer", "src\MyApiServer\MyApiServer.csproj", "{0FEC3A30-66E0-4553-A2C5-CC939F9C61C7}"
EndProject
Project("{2150E333-8FDC-42A3-9474-1A3956D46DE8}") = "tests", "tests", "{52D8D77F-CAC4-4E9D-BAA7-84532D9A4298}"
EndProject
Project("{FAE04EC0-301F-11D3-BF4B-00C04F79EFBC}") = "MyApiServerTests", "tests\MyApiServerTests\MyApiServerTests.csproj", "{E5C50A9D-28CF-4D04-9A5B-489B7D248806}"
EndProject
Global
	GlobalSection(SolutionConfigurationPlatforms) = preSolution
		Debug|Any CPU = Debug|Any CPU
		Debug|x64 = Debug|x64
		Debug|x86 = Debug|x86
		Release|Any CPU = Release|Any CPU
		Release|x64 = Release|x64
		Release|x86 = Release|x86
	EndGlobalSection
	GlobalSection(SolutionProperties) = preSolution
		HideSolutionNode = FALSE
	EndGlobalSection
	GlobalSection(ProjectConfigurationPlatforms) = postSolution
		{FC64200C-E058-433A-B9B3-B9D7D856143A}.Debug|Any CPU.ActiveCfg = Debug|Any CPU
		{FC64200C-E058-433A-B9B3-B9D7D856143A}.Debug|Any CPU.Build.0 = Debug|Any CPU
		{FC64200C-E058-433A-B9B3-B9D7D856143A}.Debug|x64.ActiveCfg = Debug|x64
		{FC64200C-E058-433A-B9B3-B9D7D856143A}.Debug|x64.Build.0 = Debug|x64
		{FC64200C-E058-433A-B9B3-B9D7D856143A}.Debug|x86.ActiveCfg = Debug|x86
		{FC64200C-E058-433A-B9B3-B9D7D856143A}.Debug|x86.Build.0 = Debug|x86
		{FC64200C-E058-433A-B9B3-B9D7D856143A}.Release|Any CPU.ActiveCfg = Release|Any CPU
		{FC64200C-E058-433A-B9B3-B9D7D856143A}.Release|Any CPU.Build.0 = Release|Any CPU
		{FC64200C-E058-433A-B9B3-B9D7D856143A}.Release|x64.ActiveCfg = Release|x64
		{FC64200C-E058-433A-B9B3-B9D7D856143A}.Release|x64.Build.0 = Release|x64
		{FC64200C-E058-433A-B9B3-B9D7D856143A}.Release|x86.ActiveCfg = Release|x86
		{FC64200C-E058-433A-B9B3-B9D7D856143A}.Release|x86.Build.0 = Release|x86
		{0FEC3A30-66E0-4553-A2C5-CC939F9C61C7}.Debug|Any CPU.ActiveCfg = Debug|Any CPU
		{0FEC3A30-66E0-4553-A2C5-CC939F9C61C7}.Debug|Any CPU.Build.0 = Debug|Any CPU
		{0FEC3A30-66E0-4553-A2C5-CC939F9C61C7}.Debug|x64.ActiveCfg = Debug|x64
		{0FEC3A30-66E0-4553-A2C5-CC939F9C61C7}.Debug|x64.Build.0 = Debug|x64
		{0FEC3A30-66E0-4553-A2C5-CC939F9C61C7}.Debug|x86.ActiveCfg = Debug|x86
		{0FEC3A30-66E0-4553-A2C5-CC939F9C61C7}.Debug|x86.Build.0 = Debug|x86
		{0FEC3A30-66E0-4553-A2C5-CC939F9C61C7}.Release|Any CPU.ActiveCfg = Release|Any CPU
		{0FEC3A30-66E0-4553-A2C5-CC939F9C61C7}.Release|Any CPU.Build.0 = Release|Any CPU
		{0FEC3A30-66E0-4553-A2C5-CC939F9C61C7}.Release|x64.ActiveCfg = Release|x64
		{0FEC3A30-66E0-4553-A2C5-CC939F9C61C7}.Release|x64.Build.0 = Release|x64
		{0FEC3A30-66E0-4553-A2C5-CC939F9C61C7}.Release|x86.ActiveCfg = Release|x86
		{0FEC3A30-66E0-4553-A2C5-CC939F9C61C7}.Release|x86.Build.0 = Release|x86
		{E5C50A9D-28CF-4D04-9A5B-489B7D248806}.Debug|Any CPU.ActiveCfg = Debug|Any CPU
		{E5C50A9D-28CF-4D04-9A5B-489B7D248806}.Debug|Any CPU.Build.0 = Debug|Any CPU
		{E5C50A9D-28CF-4D04-9A5B-489B7D248806}.Debug|x64.ActiveCfg = Debug|x64
		{E5C50A9D-28CF-4D04-9A5B-489B7D248806}.Debug|x64.Build.0 = Debug|x64
		{E5C50A9D-28CF-4D04-9A5B-489B7D248806}.Debug|x86.ActiveCfg = Debug|x86
		{E5C50A9D-28CF-4D04-9A5B-489B7D248806}.Debug|x86.Build.0 = Debug|x86
		{E5C50A9D-28CF-4D04-9A5B-489B7D248806}.Release|Any CPU.ActiveCfg = Release|Any CPU
		{E5C50A9D-28CF-4D04-9A5B-489B7D248806}.Release|Any CPU.Build.0 = Release|Any CPU
		{E5C50A9D-28CF-4D04-9A5B-489B7D248806}.Release|x64.ActiveCfg = Release|x64
		{E5C50A9D-28CF-4D04-9A5B-489B7D248806}.Release|x64.Build.0 = Release|x64
		{E5C50A9D-28CF-4D04-9A5B-489B7D248806}.Release|x86.ActiveCfg = Release|x86
		{E5C50A9D-28CF-4D04-9A5B-489B7D248806}.Release|x86.Build.0 = Release|x86
	EndGlobalSection
	GlobalSection(NestedProjects) = preSolution
		{FC64200C-E058-433A-B9B3-B9D7D856143A} = {2761C6FB-2360-496B-B02F-E202A9922BD1}
		{0FEC3A30-66E0-4553-A2C5-CC939F9C61C7} = {2761C6FB-2360-496B-B02F-E202A9922BD1}
		{E5C50A9D-28CF-4D04-9A5B-489B7D248806} = {52D8D77F-CAC4-4E9D-BAA7-84532D9A4298}
	EndGlobalSection
EndGlobal
